version = 1
revision = 3
requires-python = ">=3.13"

[[package]]
name = "anyio"
version = "4.12.1"
source = { registry = "https://us-west2-python.pkg.dev/seed-7bc8b9/pypi/simple/" }
dependencies = [
    { name = "idna" },
]
sdist = { url = "https://us-west2-python.pkg.dev/seed-7bc8b9/pypi/anyio/anyio-4.12.1.tar.gz", hash = "sha256:41cfcc3a4c85d3f05c932da7c26d0201ac36f72abd4435ba90d0464a3ffed703" }
wheels = [
    { url = "https://us-west2-python.pkg.dev/seed-7bc8b9/pypi/anyio/anyio-4.12.1-py3-none-any.whl", hash = "sha256:d405828884fc140aa80a3c667b8beed277f1dfedec42ba031bd6ac3db606ab6c" },
]

[[package]]
name = "asttokens"
version = "3.0.1"
source = { registry = "https://us-west2-python.pkg.dev/seed-7bc8b9/pypi/simple/" }
sdist = { url = "https://us-west2-python.pkg.dev/seed-7bc8b9/pypi/asttokens/asttokens-3.0.1.tar.gz", hash = "sha256:71a4ee5de0bde6a31d64f6b13f2293ac190344478f081c3d1bccfcf5eacb0cb7" }
wheels = [
    { url = "https://us-west2-python.pkg.dev/seed-7bc8b9/pypi/asttokens/asttokens-3.0.1-py3-none-any.whl", hash = "sha256:15a3ebc0f43c2d0a50eeafea25e19046c68398e487b9f1f5b517f7c0f40f976a" },
]

[[package]]
name = "certifi"
version = "2026.1.4"
source = { registry = "https://us-west2-python.pkg.dev/seed-7bc8b9/pypi/simple/" }
sdist = { url = "https://us-west2-python.pkg.dev/seed-7bc8b9/pypi/certifi/certifi-2026.1.4.tar.gz", hash = "sha256:ac726dd470482006e014ad384921ed6438c457018f4b3d204aea4281258b2120" }
wheels = [
    { url = "https://us-west2-python.pkg.dev/seed-7bc8b9/pypi/certifi/certifi-2026.1.4-py3-none-any.whl", hash = "sha256:9943707519e4add1115f44c2bc244f782c0249876bf51b6599fee1ffbedd685c" },
]

[[package]]
name = "colorama"
version = "0.4.6"
source = { registry = "https://us-west2-python.pkg.dev/seed-7bc8b9/pypi/simple/" }
sdist = { url = "https://us-west2-python.pkg.dev/seed-7bc8b9/pypi/colorama/colorama-0.4.6.tar.gz", hash = "sha256:08695f5cb7ed6e0531a20572697297273c47b8cae5a63ffc6d6ed5c201be6e44" }
wheels = [
    { url = "https://us-west2-python.pkg.dev/seed-7bc8b9/pypi/colorama/colorama-0.4.6-py2.py3-none-any.whl", hash = "sha256:4f1d9991f5acc0ca119f9d443620b77f9d6b33703e51011c16baf57afb285fc6" },
]

[[package]]
name = "decorator"
version = "5.2.1"
source = { registry = "https://us-west2-python.pkg.dev/seed-7bc8b9/pypi/simple/" }
sdist = { url = "https://us-west2-python.pkg.dev/seed-7bc8b9/pypi/decorator/decorator-5.2.1.tar.gz", hash = "sha256:65f266143752f734b0a7cc83c46f4618af75b8c5911b00ccb61d0ac9b6da0360" }
wheels = [
    { url = "https://us-west2-python.pkg.dev/seed-7bc8b9/pypi/decorator/decorator-5.2.1-py3-none-any.whl", hash = "sha256:d316bb415a2d9e2d2b3abcc4084c6502fc09240e292cd76a76afc106a1c8e04a" },
]

[[package]]
name = "dotenv"
version = "0.9.9"
source = { registry = "https://us-west2-python.pkg.dev/seed-7bc8b9/pypi/simple/" }
dependencies = [
    { name = "python-dotenv" },
]
wheels = [
    { url = "https://us-west2-python.pkg.dev/seed-7bc8b9/pypi/dotenv/dotenv-0.9.9-py2.py3-none-any.whl", hash = "sha256:29cf74a087b31dafdb5a446b6d7e11cbce8ed2741540e2339c69fbef92c94ce9" },
]

[[package]]
name = "executing"
version = "2.2.1"
source = { registry = "https://us-west2-python.pkg.dev/seed-7bc8b9/pypi/simple/" }
sdist = { url = "https://us-west2-python.pkg.dev/seed-7bc8b9/pypi/executing/executing-2.2.1.tar.gz", hash = "sha256:3632cc370565f6648cc328b32435bd120a1e4ebb20c77e3fdde9a13cd1e533c4" }
wheels = [
    { url = "https://us-west2-python.pkg.dev/seed-7bc8b9/pypi/executing/executing-2.2.1-py2.py3-none-any.whl", hash = "sha256:760643d3452b4d777d295bb167ccc74c64a81df23fb5e08eff250c425a4b2017" },
]

[[package]]
name = "h11"
version = "0.16.0"
source = { registry = "https://us-west2-python.pkg.dev/seed-7bc8b9/pypi/simple/" }
sdist = { url = "https://us-west2-python.pkg.dev/seed-7bc8b9/pypi/h11/h11-0.16.0.tar.gz", hash = "sha256:4e35b956cf45792e4caa5885e69fba00bdbc6ffafbfa020300e549b208ee5ff1" }
wheels = [
    { url = "https://us-west2-python.pkg.dev/seed-7bc8b9/pypi/h11/h11-0.16.0-py3-none-any.whl", hash = "sha256:63cf8bbe7522de3bf65932fda1d9c2772064ffb3dae62d55932da54b31cb6c86" },
]

[[package]]
name = "httpcore"
version = "1.0.9"
source = { registry = "https://us-west2-python.pkg.dev/seed-7bc8b9/pypi/simple/" }
dependencies = [
    { name = "certifi" },
    { name = "h11" },
]
sdist = { url = "https://us-west2-python.pkg.dev/seed-7bc8b9/pypi/httpcore/httpcore-1.0.9.tar.gz", hash = "sha256:6e34463af53fd2ab5d807f399a9b45ea31c3dfa2276f15a2c3f00afff6e176e8" }
wheels = [
    { url = "https://us-west2-python.pkg.dev/seed-7bc8b9/pypi/httpcore/httpcore-1.0.9-py3-none-any.whl", hash = "sha256:2d400746a40668fc9dec9810239072b40b4484b640a8c38fd654a024c7a1bf55" },
]

[[package]]
name = "httpx"
version = "0.28.1"
source = { registry = "https://us-west2-python.pkg.dev/seed-7bc8b9/pypi/simple/" }
dependencies = [
    { name = "anyio" },
    { name = "certifi" },
    { name = "httpcore" },
    { name = "idna" },
]
sdist = { url = "https://us-west2-python.pkg.dev/seed-7bc8b9/pypi/httpx/httpx-0.28.1.tar.gz", hash = "sha256:75e98c5f16b0f35b567856f597f06ff2270a374470a5c2392242528e3e3e42fc" }
wheels = [
    { url = "https://us-west2-python.pkg.dev/seed-7bc8b9/pypi/httpx/httpx-0.28.1-py3-none-any.whl", hash = "sha256:d909fcccc110f8c7faf814ca82a9a4d816bc5a6dbfea25d6591d6985b8ba59ad" },
]

[[package]]
name = "idna"
version = "3.11"
source = { registry = "https://us-west2-python.pkg.dev/seed-7bc8b9/pypi/simple/" }
sdist = { url = "https://us-west2-python.pkg.dev/seed-7bc8b9/pypi/idna/idna-3.11.tar.gz", hash = "sha256:795dafcc9c04ed0c1fb032c2aa73654d8e8c5023a7df64a53f39190ada629902" }
wheels = [
    { url = "https://us-west2-python.pkg.dev/seed-7bc8b9/pypi/idna/idna-3.11-py3-none-any.whl", hash = "sha256:771a87f49d9defaf64091e6e6fe9c18d4833f140bd19464795bc32d966ca37ea" },
]

[[package]]
name = "ipython"
version = "9.10.0"
source = { registry = "https://us-west2-python.pkg.dev/seed-7bc8b9/pypi/simple/" }
dependencies = [
    { name = "colorama", marker = "sys_platform == 'win32'" },
    { name = "decorator" },
    { name = "ipython-pygments-lexers" },
    { name = "jedi" },
    { name = "matplotlib-inline" },
    { name = "pexpect", marker = "sys_platform != 'emscripten' and sys_platform != 'win32'" },
    { name = "prompt-toolkit" },
    { name = "pygments" },
    { name = "stack-data" },
    { name = "traitlets" },
]
sdist = { url = "https://us-west2-python.pkg.dev/seed-7bc8b9/pypi/ipython/ipython-9.10.0.tar.gz", hash = "sha256:cd9e656be97618a0676d058134cd44e6dc7012c0e5cb36a9ce96a8c904adaf77" }
wheels = [
    { url = "https://us-west2-python.pkg.dev/seed-7bc8b9/pypi/ipython/ipython-9.10.0-py3-none-any.whl", hash = "sha256:c6ab68cc23bba8c7e18e9b932797014cc61ea7fd6f19de180ab9ba73e65ee58d" },
]

[[package]]
name = "ipython-pygments-lexers"
version = "1.1.1"
source = { registry = "https://us-west2-python.pkg.dev/seed-7bc8b9/pypi/simple/" }
dependencies = [
    { name = "pygments" },
]
sdist = { url = "https://us-west2-python.pkg.dev/seed-7bc8b9/pypi/ipython-pygments-lexers/ipython_pygments_lexers-1.1.1.tar.gz", hash = "sha256:09c0138009e56b6854f9535736f4171d855c8c08a563a0dcd8022f78355c7e81" }
wheels = [
    { url = "https://us-west2-python.pkg.dev/seed-7bc8b9/pypi/ipython-pygments-lexers/ipython_pygments_lexers-1.1.1-py3-none-any.whl", hash = "sha256:a9462224a505ade19a605f71f8fa63c2048833ce50abc86768a0d81d876dc81c" },
]

[[package]]
name = "jedi"
version = "0.19.2"
source = { registry = "https://us-west2-python.pkg.dev/seed-7bc8b9/pypi/simple/" }
dependencies = [
    { name = "parso" },
]
sdist = { url = "https://us-west2-python.pkg.dev/seed-7bc8b9/pypi/jedi/jedi-0.19.2.tar.gz", hash = "sha256:4770dc3de41bde3966b02eb84fbcf557fb33cce26ad23da12c742fb50ecb11f0" }
wheels = [
    { url = "https://us-west2-python.pkg.dev/seed-7bc8b9/pypi/jedi/jedi-0.19.2-py2.py3-none-any.whl", hash = "sha256:a8ef22bde8490f57fe5c7681a3c83cb58874daf72b4784de3cce5b6ef6edb5b9" },
]

[[package]]
name = "matplotlib-inline"
version = "0.2.1"
source = { registry = "https://us-west2-python.pkg.dev/seed-7bc8b9/pypi/simple/" }
dependencies = [
    { name = "traitlets" },
]
sdist = { url = "https://us-west2-python.pkg.dev/seed-7bc8b9/pypi/matplotlib-inline/matplotlib_inline-0.2.1.tar.gz", hash = "sha256:e1ee949c340d771fc39e241ea75683deb94762c8fa5f2927ec57c83c4dffa9fe" }
wheels = [
    { url = "https://us-west2-python.pkg.dev/seed-7bc8b9/pypi/matplotlib-inline/matplotlib_inline-0.2.1-py3-none-any.whl", hash = "sha256:d56ce5156ba6085e00a9d54fead6ed29a9c47e215cd1bba2e976ef39f5710a76" },
]

[[package]]
name = "mcagent"
version = "0.1.0"
source = { editable = "." }
dependencies = [
    { name = "dotenv" },
    { name = "httpx" },
    { name = "ipython" },
]

[package.metadata]
requires-dist = [
    { name = "dotenv", specifier = ">=0.9.9" },
    { name = "httpx", specifier = ">=0.28.1" },
    { name = "ipython", specifier = ">=9.10.0" },
]

[[package]]
name = "parso"
version = "0.8.5"
source = { registry = "https://us-west2-python.pkg.dev/seed-7bc8b9/pypi/simple/" }
sdist = { url = "https://us-west2-python.pkg.dev/seed-7bc8b9/pypi/parso/parso-0.8.5.tar.gz", hash = "sha256:034d7354a9a018bdce352f48b2a8a450f05e9d6ee85db84764e9b6bd96dafe5a" }
wheels = [
    { url = "https://us-west2-python.pkg.dev/seed-7bc8b9/pypi/parso/parso-0.8.5-py2.py3-none-any.whl", hash = "sha256:646204b5ee239c396d040b90f9e272e9a8017c630092bf59980beb62fd033887" },
]

[[package]]
name = "pexpect"
version = "4.9.0"
source = { registry = "https://us-west2-python.pkg.dev/seed-7bc8b9/pypi/simple/" }
dependencies = [
    { name = "ptyprocess" },
]
sdist = { url = "https://us-west2-python.pkg.dev/seed-7bc8b9/pypi/pexpect/pexpect-4.9.0.tar.gz", hash = "sha256:ee7d41123f3c9911050ea2c2dac107568dc43b2d3b0c7557a33212c398ead30f" }
wheels = [
    { url = "https://us-west2-python.pkg.dev/seed-7bc8b9/pypi/pexpect/pexpect-4.9.0-py2.py3-none-any.whl", hash = "sha256:7236d1e080e4936be2dc3e326cec0af72acf9212a7e1d060210e70a47e253523" },
]

[[package]]
name = "prompt-toolkit"
version = "3.0.52"
source = { registry = "https://us-west2-python.pkg.dev/seed-7bc8b9/pypi/simple/" }
dependencies = [
    { name = "wcwidth" },
]
sdist = { url = "https://us-west2-python.pkg.dev/seed-7bc8b9/pypi/prompt-toolkit/prompt_toolkit-3.0.52.tar.gz", hash = "sha256:28cde192929c8e7321de85de1ddbe736f1375148b02f2e17edd840042b1be855" }
wheels = [
    { url = "https://us-west2-python.pkg.dev/seed-7bc8b9/pypi/prompt-toolkit/prompt_toolkit-3.0.52-py3-none-any.whl", hash = "sha256:9aac639a3bbd33284347de5ad8d68ecc044b91a762dc39b7c21095fcd6a19955" },
]

[[package]]
name = "ptyprocess"
version = "0.7.0"
source = { registry = "https://us-west2-python.pkg.dev/seed-7bc8b9/pypi/simple/" }
sdist = { url = "https://us-west2-python.pkg.dev/seed-7bc8b9/pypi/ptyprocess/ptyprocess-0.7.0.tar.gz", hash = "sha256:5c5d0a3b48ceee0b48485e0c26037c0acd7d29765ca3fbb5cb3831d347423220" }
wheels = [
    { url = "https://us-west2-python.pkg.dev/seed-7bc8b9/pypi/ptyprocess/ptyprocess-0.7.0-py2.py3-none-any.whl", hash = "sha256:4b41f3967fce3af57cc7e94b888626c18bf37a083e3651ca8feeb66d492fef35" },
]

[[package]]
name = "pure-eval"
version = "0.2.3"
source = { registry = "https://us-west2-python.pkg.dev/seed-7bc8b9/pypi/simple/" }
sdist = { url = "https://us-west2-python.pkg.dev/seed-7bc8b9/pypi/pure-eval/pure_eval-0.2.3.tar.gz", hash = "sha256:5f4e983f40564c576c7c8635ae88db5956bb2229d7e9237d03b3c0b0190eaf42" }
wheels = [
    { url = "https://us-west2-python.pkg.dev/seed-7bc8b9/pypi/pure-eval/pure_eval-0.2.3-py3-none-any.whl", hash = "sha256:1db8e35b67b3d218d818ae653e27f06c3aa420901fa7b081ca98cbedc874e0d0" },
]

[[package]]
name = "pygments"
version = "2.19.2"
source = { registry = "https://us-west2-python.pkg.dev/seed-7bc8b9/pypi/simple/" }
sdist = { url = "https://us-west2-python.pkg.dev/seed-7bc8b9/pypi/pygments/pygments-2.19.2.tar.gz", hash = "sha256:636cb2477cec7f8952536970bc533bc43743542f70392ae026374600add5b887" }
wheels = [
    { url = "https://us-west2-python.pkg.dev/seed-7bc8b9/pypi/pygments/pygments-2.19.2-py3-none-any.whl", hash = "sha256:86540386c03d588bb81d44bc3928634ff26449851e99741617ecb9037ee5ec0b" },
]

[[package]]
name = "python-dotenv"
version = "1.2.1"
source = { registry = "https://us-west2-python.pkg.dev/seed-7bc8b9/pypi/simple/" }
sdist = { url = "https://us-west2-python.pkg.dev/seed-7bc8b9/pypi/python-dotenv/python_dotenv-1.2.1.tar.gz", hash = "sha256:42667e897e16ab0d66954af0e60a9caa94f0fd4ecf3aaf6d2d260eec1aa36ad6" }
wheels = [
    { url = "https://us-west2-python.pkg.dev/seed-7bc8b9/pypi/python-dotenv/python_dotenv-1.2.1-py3-none-any.whl", hash = "sha256:b81ee9561e9ca4004139c6cbba3a238c32b03e4894671e181b671e8cb8425d61" },
]

[[package]]
name = "stack-data"
version = "0.6.3"
source = { registry = "https://us-west2-python.pkg.dev/seed-7bc8b9/pypi/simple/" }
dependencies = [
    { name = "asttokens" },
    { name = "executing" },
    { name = "pure-eval" },
]
sdist = { url = "https://us-west2-python.pkg.dev/seed-7bc8b9/pypi/stack-data/stack_data-0.6.3.tar.gz", hash = "sha256:836a778de4fec4dcd1dcd89ed8abff8a221f58308462e1c4aa2a3cf30148f0b9" }
wheels = [
    { url = "https://us-west2-python.pkg.dev/seed-7bc8b9/pypi/stack-data/stack_data-0.6.3-py3-none-any.whl", hash = "sha256:d5558e0c25a4cb0853cddad3d77da9891a08cb85dd9f9f91b9f8cd66e511e695" },
]

[[package]]
name = "traitlets"
version = "5.14.3"
source = { registry = "https://us-west2-python.pkg.dev/seed-7bc8b9/pypi/simple/" }
sdist = { url = "https://us-west2-python.pkg.dev/seed-7bc8b9/pypi/traitlets/traitlets-5.14.3.tar.gz", hash = "sha256:9ed0579d3502c94b4b3732ac120375cda96f923114522847de4b3bb98b96b6b7" }
wheels = [
    { url = "https://us-west2-python.pkg.dev/seed-7bc8b9/pypi/traitlets/traitlets-5.14.3-py3-none-any.whl", hash = "sha256:b74e89e397b1ed28cc831db7aea759ba6640cb3de13090ca145426688ff1ac4f" },
]

[[package]]
name = "wcwidth"
version = "0.6.0"
source = { registry = "https://us-west2-python.pkg.dev/seed-7bc8b9/pypi/simple/" }
sdist = { url = "https://us-west2-python.pkg.dev/seed-7bc8b9/pypi/wcwidth/wcwidth-0.6.0.tar.gz", hash = "sha256:cdc4e4262d6ef9a1a57e018384cbeb1208d8abbc64176027e2c2455c81313159" }
wheels = [
    { url = "https://us-west2-python.pkg.dev/seed-7bc8b9/pypi/wcwidth/wcwidth-0.6.0-py3-none-any.whl", hash = "sha256:1a3a1e510b553315f8e146c54764f4fb6264ffad731b3d78088cdb1478ffbdad" },
]
